
Microsoft Visual Studio Solution File, Format Version 12.00
# Visual Studio Version 17
VisualStudioVersion = 17.14.37111.16 d17.14
MinimumVisualStudioVersion = 10.0.40219.1
Project("{FAE04EC0-301F-11D3-BF4B-00C04F79EFBC}") = "WeMakeMVPTestTask", "WeMakeMVPTestTask\WeMakeMVPTestTask.csproj", "{EF0301E7-CEE6-4F78-AF48-0F2F0542E6B4}"
EndProject
Global
	GlobalSection(SolutionConfigurationPlatforms) = preSolution
		Debug|Any CPU = Debug|Any CPU
		Release|Any CPU = Release|Any CPU
	EndGlobalSection
	GlobalSection(ProjectConfigurationPlatforms) = postSolution
		{EF0301E7-CEE6-4F78-AF48-0F2F0542E6B4}.Debug|Any CPU.ActiveCfg = Debug|Any CPU
		{EF0301E7-CEE6-4F78-AF48-0F2F0542E6B4}.Debug|Any CPU.Build.0 = Debug|Any CPU
		{EF0301E7-CEE6-4F78-AF48-0F2F0542E6B4}.Release|Any CPU.ActiveCfg = Release|Any CPU
		{EF0301E7-CEE6-4F78-AF48-0F2F0542E6B4}.Release|Any CPU.Build.0 = Release|Any CPU
	EndGlobalSection
	GlobalSection(SolutionProperties) = preSolution
		HideSolutionNode = FALSE
	EndGlobalSection
	GlobalSection(ExtensibilityGlobals) = postSolution
		SolutionGuid = {189D8C32-A052-4C84-8C9E-CBCDD37D7A2A}
	EndGlobalSection
EndGlobal
